// !$*UTF8*$!
{
	archiveVersion = 1;
	classes = {
	};
	objectVersion = 46;
	objects = {

/* Begin PBXBuildFile section */
		5AC8E010191D241B009918EF /* Foundation.framework in Frameworks */ = {isa = PBXBuildFile; fileRef = 5AC8E00F191D241B009918EF /* Foundation.framework */; };
		5AC8E012191D241B009918EF /* CoreGraphics.framework in Frameworks */ = {isa = PBXBuildFile; fileRef = 5AC8E011191D241B009918EF /* CoreGraphics.framework */; };
		5AC8E014191D241B009918EF /* UIKit.framework in Frameworks */ = {isa = PBXBuildFile; fileRef = 5AC8E013191D241B009918EF /* UIKit.framework */; };
		5AC8E01A191D241B009918EF /* InfoPlist.strings in Resources */ = {isa = PBXBuildFile; fileRef = 5AC8E018191D241B009918EF /* InfoPlist.strings */; };
		5AC8E01C191D241B009918EF /* main.m in Sources */ = {isa = PBXBuildFile; fileRef = 5AC8E01B191D241B009918EF /* main.m */; };
		5AC8E020191D241B009918EF /* NLAppDelegate.m in Sources */ = {isa = PBXBuildFile; fileRef = 5AC8E01F191D241B009918EF /* NLAppDelegate.m */; };
		5AC8E023191D241B009918EF /* Main.storyboard in Resources */ = {isa = PBXBuildFile; fileRef = 5AC8E021191D241B009918EF /* Main.storyboard */; };
		5AC8E026191D241B009918EF /* NLViewController.m in Sources */ = {isa = PBXBuildFile; fileRef = 5AC8E025191D241B009918EF /* NLViewController.m */; };
		5AC8E028191D241B009918EF /* Images.xcassets in Resources */ = {isa = PBXBuildFile; fileRef = 5AC8E027191D241B009918EF /* Images.xcassets */; };
		5AC8E02F191D241B009918EF /* XCTest.framework in Frameworks */ = {isa = PBXBuildFile; fileRef = 5AC8E02E191D241B009918EF /* XCTest.framework */; };
		5AC8E030191D241B009918EF /* Foundation.framework in Frameworks */ = {isa = PBXBuildFile; fileRef = 5AC8E00F191D241B009918EF /* Foundation.framework */; };
		5AC8E031191D241B009918EF /* UIKit.framework in Frameworks */ = {isa = PBXBuildFile; fileRef = 5AC8E013191D241B009918EF /* UIKit.framework */; };
		5AC8E039191D241B009918EF /* InfoPlist.strings in Resources */ = {isa = PBXBuildFile; fileRef = 5AC8E037191D241B009918EF /* InfoPlist.strings */; };
		5AC8E03B191D241B009918EF /* CycleScrollViewTests.m in Sources */ = {isa = PBXBuildFile; fileRef = 5AC8E03A191D241B009918EF /* CycleScrollViewTests.m */; };
		5AC8E047191D2496009918EF /* NLCycleScrollView.m in Sources */ = {isa = PBXBuildFile; fileRef = 5AC8E046191D2496009918EF /* NLCycleScrollView.m */; };
		5AC8E04A191D27A1009918EF /* NLCycleScrollViewPage.m in Sources */ = {isa = PBXBuildFile; fileRef = 5AC8E049191D27A1009918EF /* NLCycleScrollViewPage.m */; };
/* End PBXBuildFile section */

/* Begin PBXContainerItemProxy section */
		5AC8E032191D241B009918EF /* PBXContainerItemProxy */ = {
			isa = PBXContainerItemProxy;
			containerPortal = 5AC8E004191D241A009918EF /* Project object */;
			proxyType = 1;
			remoteGlobalIDString = 5AC8E00B191D241A009918EF;
			remoteInfo = CycleScrollView;
		};
/* End PBXContainerItemProxy section */

/* Begin PBXFileReference section */
		5AC8E00C191D241B009918EF /* CycleScrollView.app */ = {isa = PBXFileReference; explicitFileType = wrapper.application; includeInIndex = 0; path = CycleScrollView.app; sourceTree = BUILT_PRODUCTS_DIR; };
		5AC8E00F191D241B009918EF /* Foundation.framework */ = {isa = PBXFileReference; lastKnownFileType = wrapper.framework; name = Foundation.framework; path = System/Library/Frameworks/Foundation.framework; sourceTree = SDKROOT; };
		5AC8E011191D241B009918EF /* CoreGraphics.framework */ = {isa = PBXFileReference; lastKnownFileType = wrapper.framework; name = CoreGraphics.framework; path = System/Library/Frameworks/CoreGraphics.framework; sourceTree = SDKROOT; };
		5AC8E013191D241B009918EF /* UIKit.framework */ = {isa = PBXFileReference; lastKnownFileType = wrapper.framework; name = UIKit.framework; path = System/Library/Frameworks/UIKit.framework; sourceTree = SDKROOT; };
		5AC8E017191D241B009918EF /* CycleScrollView-Info.plist */ = {isa = PBXFileReference; lastKnownFileType = text.plist.xml; path = "CycleScrollView-Info.plist"; sourceTree = "<group>"; };
		5AC8E019191D241B009918EF /* en */ = {isa = PBXFileReference; lastKnownFileType = text.plist.strings; name = en; path = en.lproj/InfoPlist.strings; sourceTree = "<group>"; };
		5AC8E01B191D241B009918EF /* main.m */ = {isa = PBXFileReference; lastKnownFileType = sourcecode.c.objc; path = main.m; sourceTree = "<group>"; };
		5AC8E01D191D241B009918EF /* CycleScrollView-Prefix.pch */ = {isa = PBXFileReference; lastKnownFileType = sourcecode.c.h; path = "CycleScrollView-Prefix.pch"; sourceTree = "<group>"; };
		5AC8E01E191D241B009918EF /* NLAppDelegate.h */ = {isa = PBXFileReference; lastKnownFileType = sourcecode.c.h; path = NLAppDelegate.h; sourceTree = "<group>"; };
		5AC8E01F191D241B009918EF /* NLAppDelegate.m */ = {isa = PBXFileReference; lastKnownFileType = sourcecode.c.objc; path = NLAppDelegate.m; sourceTree = "<group>"; };
		5AC8E022191D241B009918EF /* Base */ = {isa = PBXFileReference; lastKnownFileType = file.storyboard; name = Base; path = Base.lproj/Main.storyboard; sourceTree = "<group>"; };
		5AC8E024191D241B009918EF /* NLViewController.h */ = {isa = PBXFileReference; lastKnownFileType = sourcecode.c.h; path = NLViewController.h; sourceTree = "<group>"; };
		5AC8E025191D241B009918EF /* NLViewController.m */ = {isa = PBXFileReference; lastKnownFileType = sourcecode.c.objc; path = NLViewController.m; sourceTree = "<group>"; };
		5AC8E027191D241B009918EF /* Images.xcassets */ = {isa = PBXFileReference; lastKnownFileType = folder.assetcatalog; path = Images.xcassets; sourceTree = "<group>"; };
		5AC8E02D191D241B009918EF /* CycleScrollViewTests.xctest */ = {isa = PBXFileReference; explicitFileType = wrapper.cfbundle; includeInIndex = 0; path = CycleScrollViewTests.xctest; sourceTree = BUILT_PRODUCTS_DIR; };
		5AC8E02E191D241B009918EF /* XCTest.framework */ = {isa = PBXFileReference; lastKnownFileType = wrapper.framework; name = XCTest.framework; path = Library/Frameworks/XCTest.framework; sourceTree = DEVELOPER_DIR; };
		5AC8E036191D241B009918EF /* CycleScrollViewTests-Info.plist */ = {isa = PBXFileReference; lastKnownFileType = text.plist.xml; path = "CycleScrollViewTests-Info.plist"; sourceTree = "<group>"; };
		5AC8E038191D241B009918EF /* en */ = {isa = PBXFileReference; lastKnownFileType = text.plist.strings; name = en; path = en.lproj/InfoPlist.strings; sourceTree = "<group>"; };
		5AC8E03A191D241B009918EF /* CycleScrollViewTests.m */ = {isa = PBXFileReference; lastKnownFileType = sourcecode.c.objc; path = CycleScrollViewTests.m; sourceTree = "<group>"; };
		5AC8E045191D2496009918EF /* NLCycleScrollView.h */ = {isa = PBXFileReference; fileEncoding = 4; lastKnownFileType = sourcecode.c.h; path = NLCycleScrollView.h; sourceTree = "<group>"; };
		5AC8E046191D2496009918EF /* NLCycleScrollView.m */ = {isa = PBXFileReference; fileEncoding = 4; lastKnownFileType = sourcecode.c.objc; path = NLCycleScrollView.m; sourceTree = "<group>"; };
		5AC8E048191D27A1009918EF /* NLCycleScrollViewPage.h */ = {isa = PBXFileReference; fileEncoding = 4; lastKnownFileType = sourcecode.c.h; path = NLCycleScrollViewPage.h; sourceTree = "<group>"; };
		5AC8E049191D27A1009918EF /* NLCycleScrollViewPage.m */ = {isa = PBXFileReference; fileEncoding = 4; lastKnownFileType = sourcecode.c.objc; path = NLCycleScrollViewPage.m; sourceTree = "<group>"; };
/* End PBXFileReference section */

/* Begin PBXFrameworksBuildPhase section */
		5AC8E009191D241A009918EF /* Frameworks */ = {
			isa = PBXFrameworksBuildPhase;
			buildActionMask = 2147483647;
			files = (
				5AC8E012191D241B009918EF /* CoreGraphics.framework in Frameworks */,
				5AC8E014191D241B009918EF /* UIKit.framework in Frameworks */,
				5AC8E010191D241B009918EF /* Foundation.framework in Frameworks */,
			);
			runOnlyForDeploymentPostprocessing = 0;
		};
		5AC8E02A191D241B009918EF /* Frameworks */ = {
			isa = PBXFrameworksBuildPhase;
			buildActionMask = 2147483647;
			files = (
				5AC8E02F191D241B009918EF /* XCTest.framework in Frameworks */,
				5AC8E031191D241B009918EF /* UIKit.framework in Frameworks */,
				5AC8E030191D241B009918EF /* Foundation.framework in Frameworks */,
			);
			runOnlyForDeploymentPostprocessing = 0;
		};
/* End PBXFrameworksBuildPhase section */

/* Begin PBXGroup section */
		5AC8E003191D241A009918EF = {
			isa = PBXGroup;
			children = (
				5AC8E015191D241B009918EF /* CycleScrollView */,
				5AC8E034191D241B009918EF /* CycleScrollViewTests */,
				5AC8E00E191D241B009918EF /* Frameworks */,
				5AC8E00D191D241B009918EF /* Products */,
			);
			sourceTree = "<group>";
		};
		5AC8E00D191D241B009918EF /* Products */ = {
			isa = PBXGroup;
			children = (
				5AC8E00C191D241B009918EF /* CycleScrollView.app */,
				5AC8E02D191D241B009918EF /* CycleScrollViewTests.xctest */,
			);
			name = Products;
			sourceTree = "<group>";
		};
		5AC8E00E191D241B009918EF /* Frameworks */ = {
			isa = PBXGroup;
			children = (
				5AC8E00F191D241B009918EF /* Foundation.framework */,
				5AC8E011191D241B009918EF /* CoreGraphics.framework */,
				5AC8E013191D241B009918EF /* UIKit.framework */,
				5AC8E02E191D241B009918EF /* XCTest.framework */,
			);
			name = Frameworks;
			sourceTree = "<group>";
		};
		5AC8E015191D241B009918EF /* CycleScrollView */ = {
			isa = PBXGroup;
			children = (
				5AC8E044191D2476009918EF /* NLCycleScrollView */,
				5AC8E01E191D241B009918EF /* NLAppDelegate.h */,
				5AC8E01F191D241B009918EF /* NLAppDelegate.m */,
				5AC8E021191D241B009918EF /* Main.storyboard */,
				5AC8E024191D241B009918EF /* NLViewController.h */,
				5AC8E025191D241B009918EF /* NLViewController.m */,
				5AC8E027191D241B009918EF /* Images.xcassets */,
				5AC8E016191D241B009918EF /* Supporting Files */,
			);
			path = CycleScrollView;
			sourceTree = "<group>";
		};
		5AC8E016191D241B009918EF /* Supporting Files */ = {
			isa = PBXGroup;
			children = (
				5AC8E017191D241B009918EF /* CycleScrollView-Info.plist */,
				5AC8E018191D241B009918EF /* InfoPlist.strings */,
				5AC8E01B191D241B009918EF /* main.m */,
				5AC8E01D191D241B009918EF /* CycleScrollView-Prefix.pch */,
			);
			name = "Supporting Files";
			sourceTree = "<group>";
		};
		5AC8E034191D241B009918EF /* CycleScrollViewTests */ = {
			isa = PBXGroup;
			children = (
				5AC8E03A191D241B009918EF /* CycleScrollViewTests.m */,
				5AC8E035191D241B009918EF /* Supporting Files */,
			);
			path = CycleScrollViewTests;
			sourceTree = "<group>";
		};
		5AC8E035191D241B009918EF /* Supporting Files */ = {
			isa = PBXGroup;
			children = (
				5AC8E036191D241B009918EF /* CycleScrollViewTests-Info.plist */,
				5AC8E037191D241B009918EF /* InfoPlist.strings */,
			);
			name = "Supporting Files";
			sourceTree = "<group>";
		};
		5AC8E044191D2476009918EF /* NLCycleScrollView */ = {
			isa = PBXGroup;
			children = (
				5AC8E045191D2496009918EF /* NLCycleScrollView.h */,
				5AC8E046191D2496009918EF /* NLCycleScrollView.m */,
				5AC8E048191D27A1009918EF /* NLCycleScrollViewPage.h */,
				5AC8E049191D27A1009918EF /* NLCycleScrollViewPage.m */,
			);
			path = NLCycleScrollView;
			sourceTree = "<group>";
		};
/* End PBXGroup section */

/* Begin PBXNativeTarget section */
		5AC8E00B191D241A009918EF /* CycleScrollView */ = {
			isa = PBXNativeTarget;
			buildConfigurationList = 5AC8E03E191D241B009918EF /* Build configuration list for PBXNativeTarget "CycleScrollView" */;
			buildPhases = (
				5AC8E008191D241A009918EF /* Sources */,
				5AC8E009191D241A009918EF /* Frameworks */,
				5AC8E00A191D241A009918EF /* Resources */,
			);
			buildRules = (
			);
			dependencies = (
			);
			name = CycleScrollView;
			productName = CycleScrollView;
			productReference = 5AC8E00C191D241B009918EF /* CycleScrollView.app */;
			productType = "com.apple.product-type.application";
		};
		5AC8E02C191D241B009918EF /* CycleScrollViewTests */ = {
			isa = PBXNativeTarget;
			buildConfigurationList = 5AC8E041191D241B009918EF /* Build configuration list for PBXNativeTarget "CycleScrollViewTests" */;
			buildPhases = (
				5AC8E029191D241B009918EF /* Sources */,
				5AC8E02A191D241B009918EF /* Frameworks */,
				5AC8E02B191D241B009918EF /* Resources */,
			);
			buildRules = (
			);
			dependencies = (
				5AC8E033191D241B009918EF /* PBXTargetDependency */,
			);
			name = CycleScrollViewTests;
			productName = CycleScrollViewTests;
			productReference = 5AC8E02D191D241B009918EF /* CycleScrollViewTests.xctest */;
			productType = "com.apple.product-type.bundle.unit-test";
		};
/* End PBXNativeTarget section */

/* Begin PBXProject section */
		5AC8E004191D241A009918EF /* Project object */ = {
			isa = PBXProject;
			attributes = {
				CLASSPREFIX = NL;
				LastUpgradeCheck = 0510;
				ORGANIZATIONNAME = NL;
				TargetAttributes = {
					5AC8E02C191D241B009918EF = {
						TestTargetID = 5AC8E00B191D241A009918EF;
					};
				};
			};
			buildConfigurationList = 5AC8E007191D241A009918EF /* Build configuration list for PBXProject "CycleScrollView" */;
			compatibilityVersion = "Xcode 3.2";
			developmentRegion = English;
			hasScannedForEncodings = 0;
			knownRegions = (
				en,
				Base,
			);
			mainGroup = 5AC8E003191D241A009918EF;
			productRefGroup = 5AC8E00D191D241B009918EF /* Products */;
			projectDirPath = "";
			projectRoot = "";
			targets = (
				5AC8E00B191D241A009918EF /* CycleScrollView */,
				5AC8E02C191D241B009918EF /* CycleScrollViewTests */,
			);
		};
/* End PBXProject section */

/* Begin PBXResourcesBuildPhase section */
		5AC8E00A191D241A009918EF /* Resources */ = {
			isa = PBXResourcesBuildPhase;
			buildActionMask = 2147483647;
			files = (
				5AC8E028191D241B009918EF /* Images.xcassets in Resources */,
				5AC8E01A191D241B009918EF /* InfoPlist.strings in Resources */,
				5AC8E023191D241B009918EF /* Main.storyboard in Resources */,
			);
			runOnlyForDeploymentPostprocessing = 0;
		};
		5AC8E02B191D241B009918EF /* Resources */ = {
			isa = PBXResourcesBuildPhase;
			buildActionMask = 2147483647;
			files = (
				5AC8E039191D241B009918EF /* InfoPlist.strings in Resources */,
			);
			runOnlyForDeploymentPostprocessing = 0;
		};
/* End PBXResourcesBuildPhase section */

/* Begin PBXSourcesBuildPhase section */
		5AC8E008191D241A009918EF /* Sources */ = {
			isa = PBXSourcesBuildPhase;
			buildActionMask = 2147483647;
			files = (
				5AC8E026191D241B009918EF /* NLViewController.m in Sources */,
				5AC8E020191D241B009918EF /* NLAppDelegate.m in Sources */,
				5AC8E047191D2496009918EF /* NLCycleScrollView.m in Sources */,
				5AC8E01C191D241B009918EF /* main.m in Sources */,
				5AC8E04A191D27A1009918EF /* NLCycleScrollViewPage.m in Sources */,
			);
			runOnlyForDeploymentPostprocessing = 0;
		};
		5AC8E029191D241B009918EF /* Sources */ = {
			isa = PBXSourcesBuildPhase;
			buildActionMask = 2147483647;
			files = (
				5AC8E03B191D241B009918EF /* CycleScrollViewTests.m in Sources */,
			);
			runOnlyForDeploymentPostprocessing = 0;
		};
/* End PBXSourcesBuildPhase section */

/* Begin PBXTargetDependency section */
		5AC8E033191D241B009918EF /* PBXTargetDependency */ = {
			isa = PBXTargetDependency;
			target = 5AC8E00B191D241A009918EF /* CycleScrollView */;
			targetProxy = 5AC8E032191D241B009918EF /* PBXContainerItemProxy */;
		};
/* End PBXTargetDependency section */

/* Begin PBXVariantGroup section */
		5AC8E018191D241B009918EF /* InfoPlist.strings */ = {
			isa = PBXVariantGroup;
			children = (
				5AC8E019191D241B009918EF /* en */,
			);
			name = InfoPlist.strings;
			sourceTree = "<group>";
		};
		5AC8E021191D241B009918EF /* Main.storyboard */ = {
			isa = PBXVariantGroup;
			children = (
				5AC8E022191D241B009918EF /* Base */,
			);
			name = Main.storyboard;
			sourceTree = "<group>";
		};
		5AC8E037191D241B009918EF /* InfoPlist.strings */ = {
			isa = PBXVariantGroup;
			children = (
				5AC8E038191D241B009918EF /* en */,
			);
			name = InfoPlist.strings;
			sourceTree = "<group>";
		};
/* End PBXVariantGroup section */

/* Begin XCBuildConfiguration section */
		5AC8E03C191D241B009918EF /* Debug */ = {
			isa = XCBuildConfiguration;
			buildSettings = {
				ALWAYS_SEARCH_USER_PATHS = NO;
				CLANG_CXX_LANGUAGE_STANDARD = "gnu++0x";
				CLANG_CXX_LIBRARY = "libc++";
				CLANG_ENABLE_MODULES = YES;
				CLANG_ENABLE_OBJC_ARC = YES;
				CLANG_WARN_BOOL_CONVERSION = YES;
				CLANG_WARN_CONSTANT_CONVERSION = YES;
				CLANG_WARN_DIRECT_OBJC_ISA_USAGE = YES_ERROR;
				CLANG_WARN_EMPTY_BODY = YES;
				CLANG_WARN_ENUM_CONVERSION = YES;
				CLANG_WARN_INT_CONVERSION = YES;
				CLANG_WARN_OBJC_ROOT_CLASS = YES_ERROR;
				CLANG_WARN__DUPLICATE_METHOD_MATCH = YES;
				"CODE_SIGN_IDENTITY[sdk=iphoneos*]" = "iPhone Developer";
				COPY_PHASE_STRIP = NO;
				GCC_C_LANGUAGE_STANDARD = gnu99;
				GCC_DYNAMIC_NO_PIC = NO;
				GCC_OPTIMIZATION_LEVEL = 0;
				GCC_PREPROCESSOR_DEFINITIONS = (
					"DEBUG=1",
					"$(inherited)",
				);
				GCC_SYMBOLS_PRIVATE_EXTERN = NO;
				GCC_WARN_64_TO_32_BIT_CONVERSION = YES;
				GCC_WARN_ABOUT_RETURN_TYPE = YES_ERROR;
				GCC_WARN_UNDECLARED_SELECTOR = YES;
				GCC_WARN_UNINITIALIZED_AUTOS = YES_AGGRESSIVE;
				GCC_WARN_UNUSED_FUNCTION = YES;
				GCC_WARN_UNUSED_VARIABLE = YES;
				IPHONEOS_DEPLOYMENT_TARGET = 7.1;
				ONLY_ACTIVE_ARCH = YES;
				SDKROOT = iphoneos;
			};
			name = Debug;
		};
		5AC8E03D191D241B009918EF /* Release */ = {
			isa = XCBuildConfiguration;
			buildSettings = {
				ALWAYS_SEARCH_USER_PATHS = NO;
				CLANG_CXX_LANGUAGE_STANDARD = "gnu++0x";
				CLANG_CXX_LIBRARY = "libc++";
				CLANG_ENABLE_MODULES = YES;
				CLANG_ENABLE_OBJC_ARC = YES;
				CLANG_WARN_BOOL_CONVERSION = YES;
				CLANG_WARN_CONSTANT_CONVERSION = YES;
				CLANG_WARN_DIRECT_OBJC_ISA_USAGE = YES_ERROR;
				CLANG_WARN_EMPTY_BODY = YES;
				CLANG_WARN_ENUM_CONVERSION = YES;
				CLANG_WARN_INT_CONVERSION = YES;
				CLANG_WARN_OBJC_ROOT_CLASS = YES_ERROR;
				CLANG_WARN__DUPLICATE_METHOD_MATCH = YES;
				"CODE_SIGN_IDENTITY[sdk=iphoneos*]" = "iPhone Developer";
				COPY_PHASE_STRIP = YES;
				ENABLE_NS_ASSERTIONS = NO;
				GCC_C_LANGUAGE_STANDARD = gnu99;
				GCC_WARN_64_TO_32_BIT_CONVERSION = YES;
				GCC_WARN_ABOUT_RETURN_TYPE = YES_ERROR;
				GCC_WARN_UNDECLARED_SELECTOR = YES;
				GCC_WARN_UNINITIALIZED_AUTOS = YES_AGGRESSIVE;
				GCC_WARN_UNUSED_FUNCTION = YES;
				GCC_WARN_UNUSED_VARIABLE = YES;
				IPHONEOS_DEPLOYMENT_TARGET = 7.1;
				SDKROOT = iphoneos;
				VALIDATE_PRODUCT = YES;
			};
			name = Release;
		};
		5AC8E03F191D241B009918EF /* Debug */ = {
			isa = XCBuildConfiguration;
			buildSettings = {
				ASSETCATALOG_COMPILER_APPICON_NAME = AppIcon;
				ASSETCATALOG_COMPILER_LAUNCHIMAGE_NAME = LaunchImage;
				GCC_PRECOMPILE_PREFIX_HEADER = YES;
				GCC_PREFIX_HEADER = "CycleScrollView/CycleScrollView-Prefix.pch";
				INFOPLIST_FILE = "CycleScrollView/CycleScrollView-Info.plist";
				IPHONEOS_DEPLOYMENT_TARGET = 6.0;
				PRODUCT_NAME = "$(TARGET_NAME)";
				WRAPPER_EXTENSION = app;
			};
			name = Debug;
		};
		5AC8E040191D241B009918EF /* Release */ = {
			isa = XCBuildConfiguration;
			buildSettings = {
				ASSETCATALOG_COMPILER_APPICON_NAME = AppIcon;
				ASSETCATALOG_COMPILER_LAUNCHIMAGE_NAME = LaunchImage;
				GCC_PRECOMPILE_PREFIX_HEADER = YES;
				GCC_PREFIX_HEADER = "CycleScrollView/CycleScrollView-Prefix.pch";
				INFOPLIST_FILE = "CycleScrollView/CycleScrollView-Info.plist";
				IPHONEOS_DEPLOYMENT_TARGET = 6.0;
				PRODUCT_NAME = "$(TARGET_NAME)";
				WRAPPER_EXTENSION = app;
			};
			name = Release;
		};
		5AC8E042191D241B009918EF /* Debug */ = {
			isa = XCBuildConfiguration;
			buildSettings = {
				BUNDLE_LOADER = "$(BUILT_PRODUCTS_DIR)/CycleScrollView.app/CycleScrollView";
				FRAMEWORK_SEARCH_PATHS = (
					"$(SDKROOT)/Developer/Library/Frameworks",
					"$(inherited)",
					"$(DEVELOPER_FRAMEWORKS_DIR)",
				);
				GCC_PRECOMPILE_PREFIX_HEADER = YES;
				GCC_PREFIX_HEADER = "CycleScrollView/CycleScrollView-Prefix.pch";
				GCC_PREPROCESSOR_DEFINITIONS = (
					"DEBUG=1",
					"$(inherited)",
				);
				INFOPLIST_FILE = "CycleScrollViewTests/CycleScrollViewTests-Info.plist";
				PRODUCT_NAME = "$(TARGET_NAME)";
				TEST_HOST = "$(BUNDLE_LOADER)";
				WRAPPER_EXTENSION = xctest;
			};
			name = Debug;
		};
		5AC8E043191D241B009918EF /* Release */ = {
			isa = XCBuildConfiguration;
			buildSettings = {
				BUNDLE_LOADER = "$(BUILT_PRODUCTS_DIR)/CycleScrollView.app/CycleScrollView";
				FRAMEWORK_SEARCH_PATHS = (
					"$(SDKROOT)/Developer/Library/Frameworks",
					"$(inherited)",
					"$(DEVELOPER_FRAMEWORKS_DIR)",
				);
				GCC_PRECOMPILE_PREFIX_HEADER = YES;
				GCC_PREFIX_HEADER = "CycleScrollView/CycleScrollView-Prefix.pch";
				INFOPLIST_FILE = "CycleScrollViewTests/CycleScrollViewTests-Info.plist";
				PRODUCT_NAME = "$(TARGET_NAME)";
				TEST_HOST = "$(BUNDLE_LOADER)";
				WRAPPER_EXTENSION = xctest;
			};
			name = Release;
		};
/* End XCBuildConfiguration section */

/* Begin XCConfigurationList section */
		5AC8E007191D241A009918EF /* Build configuration list for PBXProject "CycleScrollView" */ = {
			isa = XCConfigurationList;
			buildConfigurations = (
				5AC8E03C191D241B009918EF /* Debug */,
				5AC8E03D191D241B009918EF /* Release */,
			);
			defaultConfigurationIsVisible = 0;
			defaultConfigurationName = Release;
		};
		5AC8E03E191D241B009918EF /* Build configuration list for PBXNativeTarget "CycleScrollView" */ = {
			isa = XCConfigurationList;
			buildConfigurations = (
				5AC8E03F191D241B009918EF /* Debug */,
				5AC8E040191D241B009918EF /* Release */,
			);
			defaultConfigurationIsVisible = 0;
			defaultConfigurationName = Release;
		};
		5AC8E041191D241B009918EF /* Build configuration list for PBXNativeTarget "CycleScrollViewTests" */ = {
			isa = XCConfigurationList;
			buildConfigurations = (
				5AC8E042191D241B009918EF /* Debug */,
				5AC8E043191D241B009918EF /* Release */,
			);
			defaultConfigurationIsVisible = 0;
			defaultConfigurationName = Release;
		};
/* End XCConfigurationList section */
	};
	rootObject = 5AC8E004191D241A009918EF /* Project object */;
}
